// !$*UTF8*$!
{
	archiveVersion = 1;
	classes = {
	};
	objectVersion = 56;
	objects = {

/* Begin PBXBuildFile section */
		4800D8052D5E4F46000E0D76 /* .gitignore in Resources */ = {isa = PBXBuildFile; fileRef = 4800D8042D5E4F46000E0D76 /* .gitignore */; };
		48196A182D5F5ABA003836DB /* README.md in Resources */ = {isa = PBXBuildFile; fileRef = 48196A172D5F5ABA003836DB /* README.md */; };
		48461C0E2D19A1BA00675CED /* AppDelegate.swift in Sources */ = {isa = PBXBuildFile; fileRef = 48461C0D2D19A1BA00675CED /* AppDelegate.swift */; };
		48461C102D19A1BA00675CED /* SceneDelegate.swift in Sources */ = {isa = PBXBuildFile; fileRef = 48461C0F2D19A1BA00675CED /* SceneDelegate.swift */; };
		48461C172D19A1BB00675CED /* Assets.xcassets in Resources */ = {isa = PBXBuildFile; fileRef = 48461C162D19A1BB00675CED /* Assets.xcassets */; };
		48461C252D19A1BB00675CED /* SocketingTests.swift in Sources */ = {isa = PBXBuildFile; fileRef = 48461C242D19A1BB00675CED /* SocketingTests.swift */; };
		48461C2F2D19A1BB00675CED /* SocketingUITests.swift in Sources */ = {isa = PBXBuildFile; fileRef = 48461C2E2D19A1BB00675CED /* SocketingUITests.swift */; };
		48461C312D19A1BB00675CED /* SocketingUITestsLaunchTests.swift in Sources */ = {isa = PBXBuildFile; fileRef = 48461C302D19A1BB00675CED /* SocketingUITestsLaunchTests.swift */; };
		48461C432D19AEC200675CED /* APIKeys.swift in Sources */ = {isa = PBXBuildFile; fileRef = 48461C422D19AEC200675CED /* APIKeys.swift */; };
		48461C452D263F6500675CED /* MainViewController.swift in Sources */ = {isa = PBXBuildFile; fileRef = 48461C442D263F6500675CED /* MainViewController.swift */; };
		48461C502D27B69600675CED /* MainViewModel.swift in Sources */ = {isa = PBXBuildFile; fileRef = 48461C4F2D27B69600675CED /* MainViewModel.swift */; };
		48461C552D27C30700675CED /* Common.swift in Sources */ = {isa = PBXBuildFile; fileRef = 48461C542D27C30700675CED /* Common.swift */; };
		48461C612D27EDBA00675CED /* BaseView.swift in Sources */ = {isa = PBXBuildFile; fileRef = 48461C602D27EDBA00675CED /* BaseView.swift */; };
		48461C632D27EF0000675CED /* LoginView.swift in Sources */ = {isa = PBXBuildFile; fileRef = 48461C622D27EF0000675CED /* LoginView.swift */; };
		48461C652D27F0AC00675CED /* LoginViewController.swift in Sources */ = {isa = PBXBuildFile; fileRef = 48461C642D27F0AC00675CED /* LoginViewController.swift */; };
		48461C672D27F44200675CED /* LoginViewModel.swift in Sources */ = {isa = PBXBuildFile; fileRef = 48461C662D27F44200675CED /* LoginViewModel.swift */; };
		48461C6D2D29733800675CED /* APIClient.swift in Sources */ = {isa = PBXBuildFile; fileRef = 48461C6C2D29733800675CED /* APIClient.swift */; };
		48461C6F2D29749000675CED /* Authentication.swift in Sources */ = {isa = PBXBuildFile; fileRef = 48461C6E2D29749000675CED /* Authentication.swift */; };
		4852B6462D29B6E000186115 /* Main.storyboard in Resources */ = {isa = PBXBuildFile; fileRef = 4852B6452D29B6E000186115 /* Main.storyboard */; };
		4852B6482D29B6EC00186115 /* LaunchScreen.storyboard in Resources */ = {isa = PBXBuildFile; fileRef = 4852B6472D29B6EC00186115 /* LaunchScreen.storyboard */; };
		4852B64B2D29B87000186115 /* UITextField+Extensions.swift in Sources */ = {isa = PBXBuildFile; fileRef = 4852B64A2D29B87000186115 /* UITextField+Extensions.swift */; };
		4852B64D2D2A4F9E00186115 /* MainView.swift in Sources */ = {isa = PBXBuildFile; fileRef = 4852B64C2D2A4F9E00186115 /* MainView.swift */; };
		4852B6502D2A50BE00186115 /* EventsTableViewCell.swift in Sources */ = {isa = PBXBuildFile; fileRef = 4852B64F2D2A50BE00186115 /* EventsTableViewCell.swift */; };
		4852B6522D2A56DD00186115 /* Events.swift in Sources */ = {isa = PBXBuildFile; fileRef = 4852B6512D2A56DD00186115 /* Events.swift */; };
		4852B6582D2BDF2000186115 /* EventDetailView.swift in Sources */ = {isa = PBXBuildFile; fileRef = 4852B6572D2BDF2000186115 /* EventDetailView.swift */; };
		4852B65C2D2BEA5C00186115 /* EventDetailViewModel.swift in Sources */ = {isa = PBXBuildFile; fileRef = 4852B65B2D2BEA5C00186115 /* EventDetailViewModel.swift */; };
		4852B6602D2C04FF00186115 /* EventDetailViewController.swift in Sources */ = {isa = PBXBuildFile; fileRef = 4852B65F2D2C04FF00186115 /* EventDetailViewController.swift */; };
		4852B6632D2C220600186115 /* CommonUtils.swift in Sources */ = {isa = PBXBuildFile; fileRef = 4852B6622D2C220600186115 /* CommonUtils.swift */; };
		486476802D53495A00B29CA1 /* SnapKit in Frameworks */ = {isa = PBXBuildFile; productRef = 4864767F2D53495A00B29CA1 /* SnapKit */; };
		4864768A2D53497B00B29CA1 /* SocketIO in Frameworks */ = {isa = PBXBuildFile; productRef = 486476892D53497B00B29CA1 /* SocketIO */; };
		4864768D2D534CC300B29CA1 /* RxCocoa in Frameworks */ = {isa = PBXBuildFile; productRef = 4864768C2D534CC300B29CA1 /* RxCocoa */; };
		4864768F2D534CC300B29CA1 /* RxRelay in Frameworks */ = {isa = PBXBuildFile; productRef = 4864768E2D534CC300B29CA1 /* RxRelay */; };
		486476912D534CC300B29CA1 /* RxSwift in Frameworks */ = {isa = PBXBuildFile; productRef = 486476902D534CC300B29CA1 /* RxSwift */; };
		48950A4A2D535672004A099B /* MyPageViewController.swift in Sources */ = {isa = PBXBuildFile; fileRef = 48950A492D535672004A099B /* MyPageViewController.swift */; };
		48950A4C2D535689004A099B /* PaymentViewController.swift in Sources */ = {isa = PBXBuildFile; fileRef = 48950A4B2D535689004A099B /* PaymentViewController.swift */; };
		48950A4E2D535697004A099B /* PaymentView.swift in Sources */ = {isa = PBXBuildFile; fileRef = 48950A4D2D535697004A099B /* PaymentView.swift */; };
		48950A502D5356A2004A099B /* EventInfoView.swift in Sources */ = {isa = PBXBuildFile; fileRef = 48950A4F2D5356A2004A099B /* EventInfoView.swift */; };
		48950A522D5356B3004A099B /* MyPageView.swift in Sources */ = {isa = PBXBuildFile; fileRef = 48950A512D5356B3004A099B /* MyPageView.swift */; };
		48950A542D5356BB004A099B /* ConfirmationView.swift in Sources */ = {isa = PBXBuildFile; fileRef = 48950A532D5356BB004A099B /* ConfirmationView.swift */; };
		48950A562D5356C9004A099B /* ConfirmationViewController.swift in Sources */ = {isa = PBXBuildFile; fileRef = 48950A552D5356C9004A099B /* ConfirmationViewController.swift */; };
		48950A582D5356DE004A099B /* ConfirmationViewModel.swift in Sources */ = {isa = PBXBuildFile; fileRef = 48950A572D5356DE004A099B /* ConfirmationViewModel.swift */; };
		48950A5A2D535709004A099B /* MyPageViewModel.swift in Sources */ = {isa = PBXBuildFile; fileRef = 48950A592D535709004A099B /* MyPageViewModel.swift */; };
		48950A5D2D537B7A004A099B /* Toast in Frameworks */ = {isa = PBXBuildFile; productRef = 48950A5C2D537B7A004A099B /* Toast */; };
		48950A5F2D53904A004A099B /* RegisterViewController.swift in Sources */ = {isa = PBXBuildFile; fileRef = 48950A5E2D53904A004A099B /* RegisterViewController.swift */; };
		48950A612D539054004A099B /* RegisterViewModel.swift in Sources */ = {isa = PBXBuildFile; fileRef = 48950A602D539054004A099B /* RegisterViewModel.swift */; };
		48950A632D539063004A099B /* RegisterView.swift in Sources */ = {isa = PBXBuildFile; fileRef = 48950A622D539063004A099B /* RegisterView.swift */; };
		48A065402D2FA65300DA5CAA /* ReservationView.swift in Sources */ = {isa = PBXBuildFile; fileRef = 48A0653F2D2FA65300DA5CAA /* ReservationView.swift */; };
		48A065422D2FAECC00DA5CAA /* ReservationViewController.swift in Sources */ = {isa = PBXBuildFile; fileRef = 48A065412D2FAECC00DA5CAA /* ReservationViewController.swift */; };
		48A065442D2FC83E00DA5CAA /* BaseViewController.swift in Sources */ = {isa = PBXBuildFile; fileRef = 48A065432D2FC83E00DA5CAA /* BaseViewController.swift */; };
		48A065462D2FCAD900DA5CAA /* SocketViewModel.swift in Sources */ = {isa = PBXBuildFile; fileRef = 48A065452D2FCAD900DA5CAA /* SocketViewModel.swift */; };
		48A065482D301FBD00DA5CAA /* Socket.swift in Sources */ = {isa = PBXBuildFile; fileRef = 48A065472D301FBD00DA5CAA /* Socket.swift */; };
		48A6D3FB2D533F04007B45DC /* Users.swift in Sources */ = {isa = PBXBuildFile; fileRef = 48A6D3FA2D533F04007B45DC /* Users.swift */; };
		48AC46B22D2C5FA80054FC86 /* WaitingViewController.swift in Sources */ = {isa = PBXBuildFile; fileRef = 48AC46B12D2C5FA80054FC86 /* WaitingViewController.swift */; };
		48AC46B42D2C5FBB0054FC86 /* WaitingView.swift in Sources */ = {isa = PBXBuildFile; fileRef = 48AC46B32D2C5FBB0054FC86 /* WaitingView.swift */; };
		48AC46B92D2E5FF40054FC86 /* QueueViewModel.swift in Sources */ = {isa = PBXBuildFile; fileRef = 48AC46B82D2E5FF40054FC86 /* QueueViewModel.swift */; };
		48AC46BB2D2E67650054FC86 /* Queue.swift in Sources */ = {isa = PBXBuildFile; fileRef = 48AC46BA2D2E67650054FC86 /* Queue.swift */; };
		48AC46BD2D2F03720054FC86 /* SocketUtils.swift in Sources */ = {isa = PBXBuildFile; fileRef = 48AC46BC2D2F03720054FC86 /* SocketUtils.swift */; };
/* End PBXBuildFile section */

/* Begin PBXContainerItemProxy section */
		48461C212D19A1BB00675CED /* PBXContainerItemProxy */ = {
			isa = PBXContainerItemProxy;
			containerPortal = 48461C022D19A1BA00675CED /* Project object */;
			proxyType = 1;
			remoteGlobalIDString = 48461C092D19A1BA00675CED;
			remoteInfo = Socketing;
		};
		48461C2B2D19A1BB00675CED /* PBXContainerItemProxy */ = {
			isa = PBXContainerItemProxy;
			containerPortal = 48461C022D19A1BA00675CED /* Project object */;
			proxyType = 1;
			remoteGlobalIDString = 48461C092D19A1BA00675CED;
			remoteInfo = Socketing;
		};
/* End PBXContainerItemProxy section */

/* Begin PBXFileReference section */
		4800D8042D5E4F46000E0D76 /* .gitignore */ = {isa = PBXFileReference; lastKnownFileType = text; path = .gitignore; sourceTree = "<group>"; };
		4800D80C2D5E57DF000E0D76 /* Debug.xcconfig */ = {isa = PBXFileReference; lastKnownFileType = text.xcconfig; path = Debug.xcconfig; sourceTree = "<group>"; };
		4800D80D2D5E57E7000E0D76 /* Release.xcconfig */ = {isa = PBXFileReference; lastKnownFileType = text.xcconfig; path = Release.xcconfig; sourceTree = "<group>"; };
		48196A172D5F5ABA003836DB /* README.md */ = {isa = PBXFileReference; fileEncoding = 4; lastKnownFileType = net.daringfireball.markdown; path = README.md; sourceTree = "<group>"; };
		48461C0A2D19A1BA00675CED /* Socketing.app */ = {isa = PBXFileReference; explicitFileType = wrapper.application; includeInIndex = 0; path = Socketing.app; sourceTree = BUILT_PRODUCTS_DIR; };
		48461C0D2D19A1BA00675CED /* AppDelegate.swift */ = {isa = PBXFileReference; lastKnownFileType = sourcecode.swift; path = AppDelegate.swift; sourceTree = "<group>"; };
		48461C0F2D19A1BA00675CED /* SceneDelegate.swift */ = {isa = PBXFileReference; lastKnownFileType = sourcecode.swift; path = SceneDelegate.swift; sourceTree = "<group>"; };
		48461C162D19A1BB00675CED /* Assets.xcassets */ = {isa = PBXFileReference; lastKnownFileType = folder.assetcatalog; path = Assets.xcassets; sourceTree = "<group>"; };
		48461C1B2D19A1BB00675CED /* Info.plist */ = {isa = PBXFileReference; lastKnownFileType = text.plist.xml; path = Info.plist; sourceTree = "<group>"; };
		48461C202D19A1BB00675CED /* SocketingTests.xctest */ = {isa = PBXFileReference; explicitFileType = wrapper.cfbundle; includeInIndex = 0; path = SocketingTests.xctest; sourceTree = BUILT_PRODUCTS_DIR; };
		48461C242D19A1BB00675CED /* SocketingTests.swift */ = {isa = PBXFileReference; lastKnownFileType = sourcecode.swift; path = SocketingTests.swift; sourceTree = "<group>"; };
		48461C2A2D19A1BB00675CED /* SocketingUITests.xctest */ = {isa = PBXFileReference; explicitFileType = wrapper.cfbundle; includeInIndex = 0; path = SocketingUITests.xctest; sourceTree = BUILT_PRODUCTS_DIR; };
		48461C2E2D19A1BB00675CED /* SocketingUITests.swift */ = {isa = PBXFileReference; lastKnownFileType = sourcecode.swift; path = SocketingUITests.swift; sourceTree = "<group>"; };
		48461C302D19A1BB00675CED /* SocketingUITestsLaunchTests.swift */ = {isa = PBXFileReference; lastKnownFileType = sourcecode.swift; path = SocketingUITestsLaunchTests.swift; sourceTree = "<group>"; };
		48461C422D19AEC200675CED /* APIKeys.swift */ = {isa = PBXFileReference; lastKnownFileType = sourcecode.swift; path = APIKeys.swift; sourceTree = "<group>"; };
		48461C442D263F6500675CED /* MainViewController.swift */ = {isa = PBXFileReference; lastKnownFileType = sourcecode.swift; path = MainViewController.swift; sourceTree = "<group>"; };
		48461C4F2D27B69600675CED /* MainViewModel.swift */ = {isa = PBXFileReference; lastKnownFileType = sourcecode.swift; path = MainViewModel.swift; sourceTree = "<group>"; };
		48461C542D27C30700675CED /* Common.swift */ = {isa = PBXFileReference; lastKnownFileType = sourcecode.swift; path = Common.swift; sourceTree = "<group>"; };
		48461C602D27EDBA00675CED /* BaseView.swift */ = {isa = PBXFileReference; lastKnownFileType = sourcecode.swift; path = BaseView.swift; sourceTree = "<group>"; };
		48461C622D27EF0000675CED /* LoginView.swift */ = {isa = PBXFileReference; lastKnownFileType = sourcecode.swift; path = LoginView.swift; sourceTree = "<group>"; };
		48461C642D27F0AC00675CED /* LoginViewController.swift */ = {isa = PBXFileReference; lastKnownFileType = sourcecode.swift; path = LoginViewController.swift; sourceTree = "<group>"; };
		48461C662D27F44200675CED /* LoginViewModel.swift */ = {isa = PBXFileReference; lastKnownFileType = sourcecode.swift; path = LoginViewModel.swift; sourceTree = "<group>"; };
		48461C6C2D29733800675CED /* APIClient.swift */ = {isa = PBXFileReference; fileEncoding = 4; lastKnownFileType = sourcecode.swift; path = APIClient.swift; sourceTree = "<group>"; };
		48461C6E2D29749000675CED /* Authentication.swift */ = {isa = PBXFileReference; lastKnownFileType = sourcecode.swift; path = Authentication.swift; sourceTree = "<group>"; };
		4852B6452D29B6E000186115 /* Main.storyboard */ = {isa = PBXFileReference; fileEncoding = 4; lastKnownFileType = file.storyboard; path = Main.storyboard; sourceTree = "<group>"; };
		4852B6472D29B6EC00186115 /* LaunchScreen.storyboard */ = {isa = PBXFileReference; fileEncoding = 4; lastKnownFileType = file.storyboard; path = LaunchScreen.storyboard; sourceTree = "<group>"; };
		4852B64A2D29B87000186115 /* UITextField+Extensions.swift */ = {isa = PBXFileReference; lastKnownFileType = sourcecode.swift; path = "UITextField+Extensions.swift"; sourceTree = "<group>"; };
		4852B64C2D2A4F9E00186115 /* MainView.swift */ = {isa = PBXFileReference; lastKnownFileType = sourcecode.swift; path = MainView.swift; sourceTree = "<group>"; };
		4852B64F2D2A50BE00186115 /* EventsTableViewCell.swift */ = {isa = PBXFileReference; lastKnownFileType = sourcecode.swift; path = EventsTableViewCell.swift; sourceTree = "<group>"; };
		4852B6512D2A56DD00186115 /* Events.swift */ = {isa = PBXFileReference; lastKnownFileType = sourcecode.swift; path = Events.swift; sourceTree = "<group>"; };
		4852B6572D2BDF2000186115 /* EventDetailView.swift */ = {isa = PBXFileReference; lastKnownFileType = sourcecode.swift; path = EventDetailView.swift; sourceTree = "<group>"; };
		4852B65B2D2BEA5C00186115 /* EventDetailViewModel.swift */ = {isa = PBXFileReference; lastKnownFileType = sourcecode.swift; path = EventDetailViewModel.swift; sourceTree = "<group>"; };
		4852B65F2D2C04FF00186115 /* EventDetailViewController.swift */ = {isa = PBXFileReference; lastKnownFileType = sourcecode.swift; path = EventDetailViewController.swift; sourceTree = "<group>"; };
		4852B6622D2C220600186115 /* CommonUtils.swift */ = {isa = PBXFileReference; lastKnownFileType = sourcecode.swift; path = CommonUtils.swift; sourceTree = "<group>"; };
		48950A492D535672004A099B /* MyPageViewController.swift */ = {isa = PBXFileReference; fileEncoding = 4; lastKnownFileType = sourcecode.swift; path = MyPageViewController.swift; sourceTree = "<group>"; };
		48950A4B2D535689004A099B /* PaymentViewController.swift */ = {isa = PBXFileReference; fileEncoding = 4; lastKnownFileType = sourcecode.swift; path = PaymentViewController.swift; sourceTree = "<group>"; };
		48950A4D2D535697004A099B /* PaymentView.swift */ = {isa = PBXFileReference; fileEncoding = 4; lastKnownFileType = sourcecode.swift; path = PaymentView.swift; sourceTree = "<group>"; };
		48950A4F2D5356A2004A099B /* EventInfoView.swift */ = {isa = PBXFileReference; fileEncoding = 4; lastKnownFileType = sourcecode.swift; path = EventInfoView.swift; sourceTree = "<group>"; };
		48950A512D5356B3004A099B /* MyPageView.swift */ = {isa = PBXFileReference; fileEncoding = 4; lastKnownFileType = sourcecode.swift; path = MyPageView.swift; sourceTree = "<group>"; };
		48950A532D5356BB004A099B /* ConfirmationView.swift */ = {isa = PBXFileReference; fileEncoding = 4; lastKnownFileType = sourcecode.swift; path = ConfirmationView.swift; sourceTree = "<group>"; };
		48950A552D5356C9004A099B /* ConfirmationViewController.swift */ = {isa = PBXFileReference; fileEncoding = 4; lastKnownFileType = sourcecode.swift; path = ConfirmationViewController.swift; sourceTree = "<group>"; };
		48950A572D5356DE004A099B /* ConfirmationViewModel.swift */ = {isa = PBXFileReference; fileEncoding = 4; lastKnownFileType = sourcecode.swift; path = ConfirmationViewModel.swift; sourceTree = "<group>"; };
		48950A592D535709004A099B /* MyPageViewModel.swift */ = {isa = PBXFileReference; fileEncoding = 4; lastKnownFileType = sourcecode.swift; path = MyPageViewModel.swift; sourceTree = "<group>"; };
		48950A5E2D53904A004A099B /* RegisterViewController.swift */ = {isa = PBXFileReference; lastKnownFileType = sourcecode.swift; path = RegisterViewController.swift; sourceTree = "<group>"; };
		48950A602D539054004A099B /* RegisterViewModel.swift */ = {isa = PBXFileReference; lastKnownFileType = sourcecode.swift; path = RegisterViewModel.swift; sourceTree = "<group>"; };
		48950A622D539063004A099B /* RegisterView.swift */ = {isa = PBXFileReference; lastKnownFileType = sourcecode.swift; path = RegisterView.swift; sourceTree = "<group>"; };
		48A0653F2D2FA65300DA5CAA /* ReservationView.swift */ = {isa = PBXFileReference; lastKnownFileType = sourcecode.swift; path = ReservationView.swift; sourceTree = "<group>"; };
		48A065412D2FAECC00DA5CAA /* ReservationViewController.swift */ = {isa = PBXFileReference; lastKnownFileType = sourcecode.swift; path = ReservationViewController.swift; sourceTree = "<group>"; };
		48A065432D2FC83E00DA5CAA /* BaseViewController.swift */ = {isa = PBXFileReference; lastKnownFileType = sourcecode.swift; path = BaseViewController.swift; sourceTree = "<group>"; };
		48A065452D2FCAD900DA5CAA /* SocketViewModel.swift */ = {isa = PBXFileReference; lastKnownFileType = sourcecode.swift; path = SocketViewModel.swift; sourceTree = "<group>"; };
		48A065472D301FBD00DA5CAA /* Socket.swift */ = {isa = PBXFileReference; lastKnownFileType = sourcecode.swift; path = Socket.swift; sourceTree = "<group>"; };
		48A6D3FA2D533F04007B45DC /* Users.swift */ = {isa = PBXFileReference; lastKnownFileType = sourcecode.swift; path = Users.swift; sourceTree = "<group>"; };
		48AC46B12D2C5FA80054FC86 /* WaitingViewController.swift */ = {isa = PBXFileReference; lastKnownFileType = sourcecode.swift; path = WaitingViewController.swift; sourceTree = "<group>"; };
		48AC46B32D2C5FBB0054FC86 /* WaitingView.swift */ = {isa = PBXFileReference; lastKnownFileType = sourcecode.swift; path = WaitingView.swift; sourceTree = "<group>"; };
		48AC46B82D2E5FF40054FC86 /* QueueViewModel.swift */ = {isa = PBXFileReference; lastKnownFileType = sourcecode.swift; path = QueueViewModel.swift; sourceTree = "<group>"; };
		48AC46BA2D2E67650054FC86 /* Queue.swift */ = {isa = PBXFileReference; lastKnownFileType = sourcecode.swift; path = Queue.swift; sourceTree = "<group>"; };
		48AC46BC2D2F03720054FC86 /* SocketUtils.swift */ = {isa = PBXFileReference; lastKnownFileType = sourcecode.swift; path = SocketUtils.swift; sourceTree = "<group>"; };
/* End PBXFileReference section */

/* Begin PBXFrameworksBuildPhase section */
		48461C072D19A1BA00675CED /* Frameworks */ = {
			isa = PBXFrameworksBuildPhase;
			buildActionMask = 2147483647;
			files = (
				48950A5D2D537B7A004A099B /* Toast in Frameworks */,
				4864768D2D534CC300B29CA1 /* RxCocoa in Frameworks */,
				4864768A2D53497B00B29CA1 /* SocketIO in Frameworks */,
				486476912D534CC300B29CA1 /* RxSwift in Frameworks */,
				4864768F2D534CC300B29CA1 /* RxRelay in Frameworks */,
				486476802D53495A00B29CA1 /* SnapKit in Frameworks */,
			);
			runOnlyForDeploymentPostprocessing = 0;
		};
		48461C1D2D19A1BB00675CED /* Frameworks */ = {
			isa = PBXFrameworksBuildPhase;
			buildActionMask = 2147483647;
			files = (
			);
			runOnlyForDeploymentPostprocessing = 0;
		};
		48461C272D19A1BB00675CED /* Frameworks */ = {
			isa = PBXFrameworksBuildPhase;
			buildActionMask = 2147483647;
			files = (
			);
			runOnlyForDeploymentPostprocessing = 0;
		};
/* End PBXFrameworksBuildPhase section */

/* Begin PBXGroup section */
		4800D8092D5E57C7000E0D76 /* Configurations */ = {
			isa = PBXGroup;
			children = (
				4800D80C2D5E57DF000E0D76 /* Debug.xcconfig */,
				4800D80D2D5E57E7000E0D76 /* Release.xcconfig */,
			);
			path = Configurations;
			sourceTree = "<group>";
		};
		48461C012D19A1BA00675CED = {
			isa = PBXGroup;
			children = (
				48196A172D5F5ABA003836DB /* README.md */,
				48461C0C2D19A1BA00675CED /* Socketing */,
				48461C232D19A1BB00675CED /* SocketingTests */,
				48461C2D2D19A1BB00675CED /* SocketingUITests */,
				48461C0B2D19A1BA00675CED /* Products */,
			);
			sourceTree = "<group>";
		};
		48461C0B2D19A1BA00675CED /* Products */ = {
			isa = PBXGroup;
			children = (
				48461C0A2D19A1BA00675CED /* Socketing.app */,
				48461C202D19A1BB00675CED /* SocketingTests.xctest */,
				48461C2A2D19A1BB00675CED /* SocketingUITests.xctest */,
			);
			name = Products;
			sourceTree = "<group>";
		};
		48461C0C2D19A1BA00675CED /* Socketing */ = {
			isa = PBXGroup;
			children = (
				4800D8092D5E57C7000E0D76 /* Configurations */,
				4852B6612D2C216600186115 /* Utils */,
				4852B64E2D2A50A400186115 /* Components */,
				4852B6492D29B85900186115 /* Extensions */,
				48461C5F2D27EDA700675CED /* Base */,
				48461C412D19AD4200675CED /* Network */,
				48461C402D19AA2B00675CED /* Views */,
				48461C3F2D19A9CB00675CED /* Controllers */,
				48461C3E2D19A99D00675CED /* ViewModels */,
				48461C0D2D19A1BA00675CED /* AppDelegate.swift */,
				48461C0F2D19A1BA00675CED /* SceneDelegate.swift */,
				48461C162D19A1BB00675CED /* Assets.xcassets */,
				48461C1B2D19A1BB00675CED /* Info.plist */,
				4852B6452D29B6E000186115 /* Main.storyboard */,
				4852B6472D29B6EC00186115 /* LaunchScreen.storyboard */,
				4800D8042D5E4F46000E0D76 /* .gitignore */,
			);
			path = Socketing;
			sourceTree = "<group>";
		};
		48461C232D19A1BB00675CED /* SocketingTests */ = {
			isa = PBXGroup;
			children = (
				48461C242D19A1BB00675CED /* SocketingTests.swift */,
			);
			path = SocketingTests;
			sourceTree = "<group>";
		};
		48461C2D2D19A1BB00675CED /* SocketingUITests */ = {
			isa = PBXGroup;
			children = (
				48461C2E2D19A1BB00675CED /* SocketingUITests.swift */,
				48461C302D19A1BB00675CED /* SocketingUITestsLaunchTests.swift */,
			);
			path = SocketingUITests;
			sourceTree = "<group>";
		};
		48461C3E2D19A99D00675CED /* ViewModels */ = {
			isa = PBXGroup;
			children = (
				48461C4F2D27B69600675CED /* MainViewModel.swift */,
				48461C662D27F44200675CED /* LoginViewModel.swift */,
				48950A602D539054004A099B /* RegisterViewModel.swift */,
				4852B65B2D2BEA5C00186115 /* EventDetailViewModel.swift */,
				48AC46B82D2E5FF40054FC86 /* QueueViewModel.swift */,
				48A065452D2FCAD900DA5CAA /* SocketViewModel.swift */,
				48950A592D535709004A099B /* MyPageViewModel.swift */,
				48950A572D5356DE004A099B /* ConfirmationViewModel.swift */,
			);
			path = ViewModels;
			sourceTree = "<group>";
		};
		48461C3F2D19A9CB00675CED /* Controllers */ = {
			isa = PBXGroup;
			children = (
				48461C442D263F6500675CED /* MainViewController.swift */,
				48461C642D27F0AC00675CED /* LoginViewController.swift */,
				48950A5E2D53904A004A099B /* RegisterViewController.swift */,
				4852B65F2D2C04FF00186115 /* EventDetailViewController.swift */,
				48AC46B12D2C5FA80054FC86 /* WaitingViewController.swift */,
				48A065412D2FAECC00DA5CAA /* ReservationViewController.swift */,
				48950A492D535672004A099B /* MyPageViewController.swift */,
				48950A4B2D535689004A099B /* PaymentViewController.swift */,
				48950A552D5356C9004A099B /* ConfirmationViewController.swift */,
			);
			path = Controllers;
			sourceTree = "<group>";
		};
		48461C402D19AA2B00675CED /* Views */ = {
			isa = PBXGroup;
			children = (
				48461C622D27EF0000675CED /* LoginView.swift */,
				48950A622D539063004A099B /* RegisterView.swift */,
				48950A4F2D5356A2004A099B /* EventInfoView.swift */,
				4852B64C2D2A4F9E00186115 /* MainView.swift */,
				48950A4D2D535697004A099B /* PaymentView.swift */,
				4852B6572D2BDF2000186115 /* EventDetailView.swift */,
				48AC46B32D2C5FBB0054FC86 /* WaitingView.swift */,
				48A0653F2D2FA65300DA5CAA /* ReservationView.swift */,
				48950A512D5356B3004A099B /* MyPageView.swift */,
				48950A532D5356BB004A099B /* ConfirmationView.swift */,
			);
			path = Views;
			sourceTree = "<group>";
		};
		48461C412D19AD4200675CED /* Network */ = {
			isa = PBXGroup;
			children = (
				48461C532D27C2FF00675CED /* APIModels */,
				48461C422D19AEC200675CED /* APIKeys.swift */,
				48461C6C2D29733800675CED /* APIClient.swift */,
			);
			path = Network;
			sourceTree = "<group>";
		};
		48461C532D27C2FF00675CED /* APIModels */ = {
			isa = PBXGroup;
			children = (
				48461C542D27C30700675CED /* Common.swift */,
				48461C6E2D29749000675CED /* Authentication.swift */,
				48A6D3FA2D533F04007B45DC /* Users.swift */,
				4852B6512D2A56DD00186115 /* Events.swift */,
				48AC46BA2D2E67650054FC86 /* Queue.swift */,
				48A065472D301FBD00DA5CAA /* Socket.swift */,
			);
			path = APIModels;
			sourceTree = "<group>";
		};
		48461C5F2D27EDA700675CED /* Base */ = {
			isa = PBXGroup;
			children = (
				48461C602D27EDBA00675CED /* BaseView.swift */,
				48A065432D2FC83E00DA5CAA /* BaseViewController.swift */,
			);
			path = Base;
			sourceTree = "<group>";
		};
		4852B6492D29B85900186115 /* Extensions */ = {
			isa = PBXGroup;
			children = (
				4852B64A2D29B87000186115 /* UITextField+Extensions.swift */,
			);
			path = Extensions;
			sourceTree = "<group>";
		};
		4852B64E2D2A50A400186115 /* Components */ = {
			isa = PBXGroup;
			children = (
				4852B64F2D2A50BE00186115 /* EventsTableViewCell.swift */,
			);
			path = Components;
			sourceTree = "<group>";
		};
		4852B6612D2C216600186115 /* Utils */ = {
			isa = PBXGroup;
			children = (
				4852B6622D2C220600186115 /* CommonUtils.swift */,
				48AC46BC2D2F03720054FC86 /* SocketUtils.swift */,
			);
			path = Utils;
			sourceTree = "<group>";
		};
/* End PBXGroup section */

/* Begin PBXNativeTarget section */
		48461C092D19A1BA00675CED /* Socketing */ = {
			isa = PBXNativeTarget;
			buildConfigurationList = 48461C342D19A1BB00675CED /* Build configuration list for PBXNativeTarget "Socketing" */;
			buildPhases = (
				48461C062D19A1BA00675CED /* Sources */,
				48461C072D19A1BA00675CED /* Frameworks */,
				48461C082D19A1BA00675CED /* Resources */,
			);
			buildRules = (
			);
			dependencies = (
			);
			name = Socketing;
			packageProductDependencies = (
				4864767F2D53495A00B29CA1 /* SnapKit */,
				486476892D53497B00B29CA1 /* SocketIO */,
				4864768C2D534CC300B29CA1 /* RxCocoa */,
				4864768E2D534CC300B29CA1 /* RxRelay */,
				486476902D534CC300B29CA1 /* RxSwift */,
				48950A5C2D537B7A004A099B /* Toast */,
			);
			productName = Socketing;
			productReference = 48461C0A2D19A1BA00675CED /* Socketing.app */;
			productType = "com.apple.product-type.application";
		};
		48461C1F2D19A1BB00675CED /* SocketingTests */ = {
			isa = PBXNativeTarget;
			buildConfigurationList = 48461C372D19A1BB00675CED /* Build configuration list for PBXNativeTarget "SocketingTests" */;
			buildPhases = (
				48461C1C2D19A1BB00675CED /* Sources */,
				48461C1D2D19A1BB00675CED /* Frameworks */,
				48461C1E2D19A1BB00675CED /* Resources */,
			);
			buildRules = (
			);
			dependencies = (
				48461C222D19A1BB00675CED /* PBXTargetDependency */,
			);
			name = SocketingTests;
			productName = SocketingTests;
			productReference = 48461C202D19A1BB00675CED /* SocketingTests.xctest */;
			productType = "com.apple.product-type.bundle.unit-test";
		};
		48461C292D19A1BB00675CED /* SocketingUITests */ = {
			isa = PBXNativeTarget;
			buildConfigurationList = 48461C3A2D19A1BB00675CED /* Build configuration list for PBXNativeTarget "SocketingUITests" */;
			buildPhases = (
				48461C262D19A1BB00675CED /* Sources */,
				48461C272D19A1BB00675CED /* Frameworks */,
				48461C282D19A1BB00675CED /* Resources */,
			);
			buildRules = (
			);
			dependencies = (
				48461C2C2D19A1BB00675CED /* PBXTargetDependency */,
			);
			name = SocketingUITests;
			productName = SocketingUITests;
			productReference = 48461C2A2D19A1BB00675CED /* SocketingUITests.xctest */;
			productType = "com.apple.product-type.bundle.ui-testing";
		};
/* End PBXNativeTarget section */

/* Begin PBXProject section */
		48461C022D19A1BA00675CED /* Project object */ = {
			isa = PBXProject;
			attributes = {
				BuildIndependentTargetsInParallel = 1;
				LastSwiftUpdateCheck = 1500;
				LastUpgradeCheck = 1500;
				TargetAttributes = {
					48461C092D19A1BA00675CED = {
						CreatedOnToolsVersion = 15.0;
					};
					48461C1F2D19A1BB00675CED = {
						CreatedOnToolsVersion = 15.0;
						TestTargetID = 48461C092D19A1BA00675CED;
					};
					48461C292D19A1BB00675CED = {
						CreatedOnToolsVersion = 15.0;
						TestTargetID = 48461C092D19A1BA00675CED;
					};
				};
			};
			buildConfigurationList = 48461C052D19A1BA00675CED /* Build configuration list for PBXProject "Socketing" */;
			compatibilityVersion = "Xcode 14.0";
			developmentRegion = en;
			hasScannedForEncodings = 0;
			knownRegions = (
				en,
				Base,
			);
			mainGroup = 48461C012D19A1BA00675CED;
			packageReferences = (
				4864767E2D53495A00B29CA1 /* XCRemoteSwiftPackageReference "SnapKit" */,
				486476882D53497B00B29CA1 /* XCRemoteSwiftPackageReference "socket.io-client-swift" */,
				4864768B2D534CC300B29CA1 /* XCRemoteSwiftPackageReference "RxSwift" */,
				48950A5B2D537B7A004A099B /* XCRemoteSwiftPackageReference "Toast-Swift" */,
			);
			productRefGroup = 48461C0B2D19A1BA00675CED /* Products */;
			projectDirPath = "";
			projectRoot = "";
			targets = (
				48461C092D19A1BA00675CED /* Socketing */,
				48461C1F2D19A1BB00675CED /* SocketingTests */,
				48461C292D19A1BB00675CED /* SocketingUITests */,
			);
		};
/* End PBXProject section */

/* Begin PBXResourcesBuildPhase section */
		48461C082D19A1BA00675CED /* Resources */ = {
			isa = PBXResourcesBuildPhase;
			buildActionMask = 2147483647;
			files = (
				48196A182D5F5ABA003836DB /* README.md in Resources */,
				4800D8052D5E4F46000E0D76 /* .gitignore in Resources */,
				4852B6482D29B6EC00186115 /* LaunchScreen.storyboard in Resources */,
				48461C172D19A1BB00675CED /* Assets.xcassets in Resources */,
				4852B6462D29B6E000186115 /* Main.storyboard in Resources */,
			);
			runOnlyForDeploymentPostprocessing = 0;
		};
		48461C1E2D19A1BB00675CED /* Resources */ = {
			isa = PBXResourcesBuildPhase;
			buildActionMask = 2147483647;
			files = (
			);
			runOnlyForDeploymentPostprocessing = 0;
		};
		48461C282D19A1BB00675CED /* Resources */ = {
			isa = PBXResourcesBuildPhase;
			buildActionMask = 2147483647;
			files = (
			);
			runOnlyForDeploymentPostprocessing = 0;
		};
/* End PBXResourcesBuildPhase section */

/* Begin PBXSourcesBuildPhase section */
		48461C062D19A1BA00675CED /* Sources */ = {
			isa = PBXSourcesBuildPhase;
			buildActionMask = 2147483647;
			files = (
				48950A632D539063004A099B /* RegisterView.swift in Sources */,
				48AC46B42D2C5FBB0054FC86 /* WaitingView.swift in Sources */,
				4852B64B2D29B87000186115 /* UITextField+Extensions.swift in Sources */,
				48A065482D301FBD00DA5CAA /* Socket.swift in Sources */,
				48A065422D2FAECC00DA5CAA /* ReservationViewController.swift in Sources */,
				4852B6602D2C04FF00186115 /* EventDetailViewController.swift in Sources */,
				48950A522D5356B3004A099B /* MyPageView.swift in Sources */,
				4852B64D2D2A4F9E00186115 /* MainView.swift in Sources */,
				48950A5A2D535709004A099B /* MyPageViewModel.swift in Sources */,
				48A065442D2FC83E00DA5CAA /* BaseViewController.swift in Sources */,
				48950A562D5356C9004A099B /* ConfirmationViewController.swift in Sources */,
				48950A502D5356A2004A099B /* EventInfoView.swift in Sources */,
				48461C652D27F0AC00675CED /* LoginViewController.swift in Sources */,
				48461C502D27B69600675CED /* MainViewModel.swift in Sources */,
				48950A4E2D535697004A099B /* PaymentView.swift in Sources */,
				48461C0E2D19A1BA00675CED /* AppDelegate.swift in Sources */,
				48950A5F2D53904A004A099B /* RegisterViewController.swift in Sources */,
				48AC46BD2D2F03720054FC86 /* SocketUtils.swift in Sources */,
				48461C432D19AEC200675CED /* APIKeys.swift in Sources */,
				48A065402D2FA65300DA5CAA /* ReservationView.swift in Sources */,
				48461C102D19A1BA00675CED /* SceneDelegate.swift in Sources */,
				4852B6632D2C220600186115 /* CommonUtils.swift in Sources */,
				4852B6502D2A50BE00186115 /* EventsTableViewCell.swift in Sources */,
				4852B65C2D2BEA5C00186115 /* EventDetailViewModel.swift in Sources */,
				48461C6D2D29733800675CED /* APIClient.swift in Sources */,
				48461C552D27C30700675CED /* Common.swift in Sources */,
				48461C452D263F6500675CED /* MainViewController.swift in Sources */,
				48461C632D27EF0000675CED /* LoginView.swift in Sources */,
				4852B6522D2A56DD00186115 /* Events.swift in Sources */,
				48461C672D27F44200675CED /* LoginViewModel.swift in Sources */,
				48950A582D5356DE004A099B /* ConfirmationViewModel.swift in Sources */,
				48950A542D5356BB004A099B /* ConfirmationView.swift in Sources */,
				48950A4A2D535672004A099B /* MyPageViewController.swift in Sources */,
				48AC46B22D2C5FA80054FC86 /* WaitingViewController.swift in Sources */,
				48AC46BB2D2E67650054FC86 /* Queue.swift in Sources */,
				4852B6582D2BDF2000186115 /* EventDetailView.swift in Sources */,
				48AC46B92D2E5FF40054FC86 /* QueueViewModel.swift in Sources */,
				48950A4C2D535689004A099B /* PaymentViewController.swift in Sources */,
				48950A612D539054004A099B /* RegisterViewModel.swift in Sources */,
				48461C612D27EDBA00675CED /* BaseView.swift in Sources */,
				48461C6F2D29749000675CED /* Authentication.swift in Sources */,
				48A6D3FB2D533F04007B45DC /* Users.swift in Sources */,
				48A065462D2FCAD900DA5CAA /* SocketViewModel.swift in Sources */,
			);
			runOnlyForDeploymentPostprocessing = 0;
		};
		48461C1C2D19A1BB00675CED /* Sources */ = {
			isa = PBXSourcesBuildPhase;
			buildActionMask = 2147483647;
			files = (
				48461C252D19A1BB00675CED /* SocketingTests.swift in Sources */,
			);
			runOnlyForDeploymentPostprocessing = 0;
		};
		48461C262D19A1BB00675CED /* Sources */ = {
			isa = PBXSourcesBuildPhase;
			buildActionMask = 2147483647;
			files = (
				48461C312D19A1BB00675CED /* SocketingUITestsLaunchTests.swift in Sources */,
				48461C2F2D19A1BB00675CED /* SocketingUITests.swift in Sources */,
			);
			runOnlyForDeploymentPostprocessing = 0;
		};
/* End PBXSourcesBuildPhase section */

/* Begin PBXTargetDependency section */
		48461C222D19A1BB00675CED /* PBXTargetDependency */ = {
			isa = PBXTargetDependency;
			target = 48461C092D19A1BA00675CED /* Socketing */;
			targetProxy = 48461C212D19A1BB00675CED /* PBXContainerItemProxy */;
		};
		48461C2C2D19A1BB00675CED /* PBXTargetDependency */ = {
			isa = PBXTargetDependency;
			target = 48461C092D19A1BA00675CED /* Socketing */;
			targetProxy = 48461C2B2D19A1BB00675CED /* PBXContainerItemProxy */;
		};
/* End PBXTargetDependency section */

/* Begin XCBuildConfiguration section */
		48461C322D19A1BB00675CED /* Debug */ = {
			isa = XCBuildConfiguration;
			baseConfigurationReference = 4800D80C2D5E57DF000E0D76 /* Debug.xcconfig */;
			buildSettings = {
				ALWAYS_SEARCH_USER_PATHS = NO;
				ASSETCATALOG_COMPILER_GENERATE_SWIFT_ASSET_SYMBOL_EXTENSIONS = YES;
				BASE_URL = "$(BASE_URL)";
				CLANG_ANALYZER_NONNULL = YES;
				CLANG_ANALYZER_NUMBER_OBJECT_CONVERSION = YES_AGGRESSIVE;
				CLANG_CXX_LANGUAGE_STANDARD = "gnu++20";
				CLANG_ENABLE_MODULES = YES;
				CLANG_ENABLE_OBJC_ARC = YES;
				CLANG_ENABLE_OBJC_WEAK = YES;
				CLANG_WARN_BLOCK_CAPTURE_AUTORELEASING = YES;
				CLANG_WARN_BOOL_CONVERSION = YES;
				CLANG_WARN_COMMA = YES;
				CLANG_WARN_CONSTANT_CONVERSION = YES;
				CLANG_WARN_DEPRECATED_OBJC_IMPLEMENTATIONS = YES;
				CLANG_WARN_DIRECT_OBJC_ISA_USAGE = YES_ERROR;
				CLANG_WARN_DOCUMENTATION_COMMENTS = YES;
				CLANG_WARN_EMPTY_BODY = YES;
				CLANG_WARN_ENUM_CONVERSION = YES;
				CLANG_WARN_INFINITE_RECURSION = YES;
				CLANG_WARN_INT_CONVERSION = YES;
				CLANG_WARN_NON_LITERAL_NULL_CONVERSION = YES;
				CLANG_WARN_OBJC_IMPLICIT_RETAIN_SELF = YES;
				CLANG_WARN_OBJC_LITERAL_CONVERSION = YES;
				CLANG_WARN_OBJC_ROOT_CLASS = YES_ERROR;
				CLANG_WARN_QUOTED_INCLUDE_IN_FRAMEWORK_HEADER = YES;
				CLANG_WARN_RANGE_LOOP_ANALYSIS = YES;
				CLANG_WARN_STRICT_PROTOTYPES = YES;
				CLANG_WARN_SUSPICIOUS_MOVE = YES;
				CLANG_WARN_UNGUARDED_AVAILABILITY = YES_AGGRESSIVE;
				CLANG_WARN_UNREACHABLE_CODE = YES;
				CLANG_WARN__DUPLICATE_METHOD_MATCH = YES;
				COPY_PHASE_STRIP = NO;
				DEBUG_INFORMATION_FORMAT = dwarf;
				ENABLE_STRICT_OBJC_MSGSEND = YES;
				ENABLE_TESTABILITY = YES;
				ENABLE_USER_SCRIPT_SANDBOXING = YES;
				GCC_C_LANGUAGE_STANDARD = gnu17;
				GCC_DYNAMIC_NO_PIC = NO;
				GCC_NO_COMMON_BLOCKS = YES;
				GCC_OPTIMIZATION_LEVEL = 0;
				GCC_PREPROCESSOR_DEFINITIONS = (
					"DEBUG=1",
					"$(inherited)",
				);
				GCC_WARN_64_TO_32_BIT_CONVERSION = YES;
				GCC_WARN_ABOUT_RETURN_TYPE = YES_ERROR;
				GCC_WARN_UNDECLARED_SELECTOR = YES;
				GCC_WARN_UNINITIALIZED_AUTOS = YES_AGGRESSIVE;
				GCC_WARN_UNUSED_FUNCTION = YES;
				GCC_WARN_UNUSED_VARIABLE = YES;
				INFOPLIST_PREPROCESS = YES;
				IPHONEOS_DEPLOYMENT_TARGET = 15.0;
				LOCALIZATION_PREFERS_STRING_CATALOGS = YES;
				MTL_ENABLE_DEBUG_INFO = INCLUDE_SOURCE;
				MTL_FAST_MATH = YES;
				ONLY_ACTIVE_ARCH = YES;
				QUEUE_URL = "$(QUEUE_URL)";
				SDKROOT = iphoneos;
				SOCKET_URL = "$(SOCKET_URL)";
				SWIFT_ACTIVE_COMPILATION_CONDITIONS = "DEBUG $(inherited)";
				SWIFT_OPTIMIZATION_LEVEL = "-Onone";
			};
			name = Debug;
		};
		48461C332D19A1BB00675CED /* Release */ = {
			isa = XCBuildConfiguration;
			baseConfigurationReference = 4800D80D2D5E57E7000E0D76 /* Release.xcconfig */;
			buildSettings = {
				ALWAYS_SEARCH_USER_PATHS = NO;
				ASSETCATALOG_COMPILER_GENERATE_SWIFT_ASSET_SYMBOL_EXTENSIONS = YES;
				BASE_URL = "$(BASE_URL)";
				CLANG_ANALYZER_NONNULL = YES;
				CLANG_ANALYZER_NUMBER_OBJECT_CONVERSION = YES_AGGRESSIVE;
				CLANG_CXX_LANGUAGE_STANDARD = "gnu++20";
				CLANG_ENABLE_MODULES = YES;
				CLANG_ENABLE_OBJC_ARC = YES;
				CLANG_ENABLE_OBJC_WEAK = YES;
				CLANG_WARN_BLOCK_CAPTURE_AUTORELEASING = YES;
				CLANG_WARN_BOOL_CONVERSION = YES;
				CLANG_WARN_COMMA = YES;
				CLANG_WARN_CONSTANT_CONVERSION = YES;
				CLANG_WARN_DEPRECATED_OBJC_IMPLEMENTATIONS = YES;
				CLANG_WARN_DIRECT_OBJC_ISA_USAGE = YES_ERROR;
				CLANG_WARN_DOCUMENTATION_COMMENTS = YES;
				CLANG_WARN_EMPTY_BODY = YES;
				CLANG_WARN_ENUM_CONVERSION = YES;
				CLANG_WARN_INFINITE_RECURSION = YES;
				CLANG_WARN_INT_CONVERSION = YES;
				CLANG_WARN_NON_LITERAL_NULL_CONVERSION = YES;
				CLANG_WARN_OBJC_IMPLICIT_RETAIN_SELF = YES;
				CLANG_WARN_OBJC_LITERAL_CONVERSION = YES;
				CLANG_WARN_OBJC_ROOT_CLASS = YES_ERROR;
				CLANG_WARN_QUOTED_INCLUDE_IN_FRAMEWORK_HEADER = YES;
				CLANG_WARN_RANGE_LOOP_ANALYSIS = YES;
				CLANG_WARN_STRICT_PROTOTYPES = YES;
				CLANG_WARN_SUSPICIOUS_MOVE = YES;
				CLANG_WARN_UNGUARDED_AVAILABILITY = YES_AGGRESSIVE;
				CLANG_WARN_UNREACHABLE_CODE = YES;
				CLANG_WARN__DUPLICATE_METHOD_MATCH = YES;
				COPY_PHASE_STRIP = NO;
				DEBUG_INFORMATION_FORMAT = "dwarf-with-dsym";
				ENABLE_NS_ASSERTIONS = NO;
				ENABLE_STRICT_OBJC_MSGSEND = YES;
				ENABLE_USER_SCRIPT_SANDBOXING = YES;
				GCC_C_LANGUAGE_STANDARD = gnu17;
				GCC_NO_COMMON_BLOCKS = YES;
				GCC_WARN_64_TO_32_BIT_CONVERSION = YES;
				GCC_WARN_ABOUT_RETURN_TYPE = YES_ERROR;
				GCC_WARN_UNDECLARED_SELECTOR = YES;
				GCC_WARN_UNINITIALIZED_AUTOS = YES_AGGRESSIVE;
				GCC_WARN_UNUSED_FUNCTION = YES;
				GCC_WARN_UNUSED_VARIABLE = YES;
				INFOPLIST_PREPROCESS = YES;
				IPHONEOS_DEPLOYMENT_TARGET = 15.0;
				LOCALIZATION_PREFERS_STRING_CATALOGS = YES;
				MTL_ENABLE_DEBUG_INFO = NO;
				MTL_FAST_MATH = YES;
				QUEUE_URL = "$(QUEUE_URL)";
				SDKROOT = iphoneos;
				SOCKET_URL = "$(SOCKET_URL)";
				SWIFT_COMPILATION_MODE = wholemodule;
				VALIDATE_PRODUCT = YES;
			};
			name = Release;
		};
		48461C352D19A1BB00675CED /* Debug */ = {
			isa = XCBuildConfiguration;
			baseConfigurationReference = 4800D80C2D5E57DF000E0D76 /* Debug.xcconfig */;
			buildSettings = {
				ASSETCATALOG_COMPILER_APPICON_NAME = AppIcon;
				ASSETCATALOG_COMPILER_GLOBAL_ACCENT_COLOR_NAME = AccentColor;
				CODE_SIGN_STYLE = Automatic;
				CURRENT_PROJECT_VERSION = 1;
				DEVELOPMENT_TEAM = A8NKCBCXX2;
				GENERATE_INFOPLIST_FILE = YES;
				INFOPLIST_FILE = Socketing/Info.plist;
				INFOPLIST_KEY_UIApplicationSupportsIndirectInputEvents = YES;
				INFOPLIST_KEY_UILaunchStoryboardName = LaunchScreen;
				INFOPLIST_KEY_UIMainStoryboardFile = Main;
				INFOPLIST_KEY_UISupportedInterfaceOrientations_iPad = "UIInterfaceOrientationPortrait UIInterfaceOrientationPortraitUpsideDown UIInterfaceOrientationLandscapeLeft UIInterfaceOrientationLandscapeRight";
				INFOPLIST_KEY_UISupportedInterfaceOrientations_iPhone = "UIInterfaceOrientationPortrait UIInterfaceOrientationLandscapeLeft UIInterfaceOrientationLandscapeRight";
				IPHONEOS_DEPLOYMENT_TARGET = 16.0;
				LD_RUNPATH_SEARCH_PATHS = (
					"$(inherited)",
					"@executable_path/Frameworks",
				);
				MARKETING_VERSION = 1.0;
				PRODUCT_BUNDLE_IDENTIFIER = com.marpark.Socketing;
				PRODUCT_NAME = "$(TARGET_NAME)";
				SWIFT_EMIT_LOC_STRINGS = YES;
				SWIFT_VERSION = 5.0;
				TARGETED_DEVICE_FAMILY = "1,2";
			};
			name = Debug;
		};
		48461C362D19A1BB00675CED /* Release */ = {
			isa = XCBuildConfiguration;
			baseConfigurationReference = 4800D80D2D5E57E7000E0D76 /* Release.xcconfig */;
			buildSettings = {
				ASSETCATALOG_COMPILER_APPICON_NAME = AppIcon;
				ASSETCATALOG_COMPILER_GLOBAL_ACCENT_COLOR_NAME = AccentColor;
				CODE_SIGN_STYLE = Automatic;
				CURRENT_PROJECT_VERSION = 1;
				DEVELOPMENT_TEAM = A8NKCBCXX2;
				GENERATE_INFOPLIST_FILE = YES;
				INFOPLIST_FILE = Socketing/Info.plist;
				INFOPLIST_KEY_UIApplicationSupportsIndirectInputEvents = YES;
				INFOPLIST_KEY_UILaunchStoryboardName = LaunchScreen;
				INFOPLIST_KEY_UIMainStoryboardFile = Main;
				INFOPLIST_KEY_UISupportedInterfaceOrientations_iPad = "UIInterfaceOrientationPortrait UIInterfaceOrientationPortraitUpsideDown UIInterfaceOrientationLandscapeLeft UIInterfaceOrientationLandscapeRight";
				INFOPLIST_KEY_UISupportedInterfaceOrientations_iPhone = "UIInterfaceOrientationPortrait UIInterfaceOrientationLandscapeLeft UIInterfaceOrientationLandscapeRight";
				IPHONEOS_DEPLOYMENT_TARGET = 16.0;
				LD_RUNPATH_SEARCH_PATHS = (
					"$(inherited)",
					"@executable_path/Frameworks",
				);
				MARKETING_VERSION = 1.0;
				PRODUCT_BUNDLE_IDENTIFIER = com.marpark.Socketing;
				PRODUCT_NAME = "$(TARGET_NAME)";
				SWIFT_EMIT_LOC_STRINGS = YES;
				SWIFT_VERSION = 5.0;
				TARGETED_DEVICE_FAMILY = "1,2";
			};
			name = Release;
		};
		48461C382D19A1BB00675CED /* Debug */ = {
			isa = XCBuildConfiguration;
			buildSettings = {
				ALWAYS_EMBED_SWIFT_STANDARD_LIBRARIES = YES;
				BUNDLE_LOADER = "$(TEST_HOST)";
				CODE_SIGN_STYLE = Automatic;
				CURRENT_PROJECT_VERSION = 1;
				DEVELOPMENT_TEAM = A8NKCBCXX2;
				GENERATE_INFOPLIST_FILE = YES;
				IPHONEOS_DEPLOYMENT_TARGET = 17.0;
				MARKETING_VERSION = 1.0;
				PRODUCT_BUNDLE_IDENTIFIER = com.marpark.SocketingTests;
				PRODUCT_NAME = "$(TARGET_NAME)";
				SWIFT_EMIT_LOC_STRINGS = NO;
				SWIFT_VERSION = 5.0;
				TARGETED_DEVICE_FAMILY = "1,2";
				TEST_HOST = "$(BUILT_PRODUCTS_DIR)/Socketing.app/$(BUNDLE_EXECUTABLE_FOLDER_PATH)/Socketing";
			};
			name = Debug;
		};
		48461C392D19A1BB00675CED /* Release */ = {
			isa = XCBuildConfiguration;
			buildSettings = {
				ALWAYS_EMBED_SWIFT_STANDARD_LIBRARIES = YES;
				BUNDLE_LOADER = "$(TEST_HOST)";
				CODE_SIGN_STYLE = Automatic;
				CURRENT_PROJECT_VERSION = 1;
				DEVELOPMENT_TEAM = A8NKCBCXX2;
				GENERATE_INFOPLIST_FILE = YES;
				IPHONEOS_DEPLOYMENT_TARGET = 17.0;
				MARKETING_VERSION = 1.0;
				PRODUCT_BUNDLE_IDENTIFIER = com.marpark.SocketingTests;
				PRODUCT_NAME = "$(TARGET_NAME)";
				SWIFT_EMIT_LOC_STRINGS = NO;
				SWIFT_VERSION = 5.0;
				TARGETED_DEVICE_FAMILY = "1,2";
				TEST_HOST = "$(BUILT_PRODUCTS_DIR)/Socketing.app/$(BUNDLE_EXECUTABLE_FOLDER_PATH)/Socketing";
			};
			name = Release;
		};
		48461C3B2D19A1BB00675CED /* Debug */ = {
			isa = XCBuildConfiguration;
			buildSettings = {
				ALWAYS_EMBED_SWIFT_STANDARD_LIBRARIES = YES;
				CODE_SIGN_STYLE = Automatic;
				CURRENT_PROJECT_VERSION = 1;
				DEVELOPMENT_TEAM = A8NKCBCXX2;
				GENERATE_INFOPLIST_FILE = YES;
				MARKETING_VERSION = 1.0;
				PRODUCT_BUNDLE_IDENTIFIER = com.marpark.SocketingUITests;
				PRODUCT_NAME = "$(TARGET_NAME)";
				SWIFT_EMIT_LOC_STRINGS = NO;
				SWIFT_VERSION = 5.0;
				TARGETED_DEVICE_FAMILY = "1,2";
				TEST_TARGET_NAME = Socketing;
			};
			name = Debug;
		};
		48461C3C2D19A1BB00675CED /* Release */ = {
			isa = XCBuildConfiguration;
			buildSettings = {
				ALWAYS_EMBED_SWIFT_STANDARD_LIBRARIES = YES;
				CODE_SIGN_STYLE = Automatic;
				CURRENT_PROJECT_VERSION = 1;
				DEVELOPMENT_TEAM = A8NKCBCXX2;
				GENERATE_INFOPLIST_FILE = YES;
				MARKETING_VERSION = 1.0;
				PRODUCT_BUNDLE_IDENTIFIER = com.marpark.SocketingUITests;
				PRODUCT_NAME = "$(TARGET_NAME)";
				SWIFT_EMIT_LOC_STRINGS = NO;
				SWIFT_VERSION = 5.0;
				TARGETED_DEVICE_FAMILY = "1,2";
				TEST_TARGET_NAME = Socketing;
			};
			name = Release;
		};
/* End XCBuildConfiguration section */

/* Begin XCConfigurationList section */
		48461C052D19A1BA00675CED /* Build configuration list for PBXProject "Socketing" */ = {
			isa = XCConfigurationList;
			buildConfigurations = (
				48461C322D19A1BB00675CED /* Debug */,
				48461C332D19A1BB00675CED /* Release */,
			);
			defaultConfigurationIsVisible = 0;
			defaultConfigurationName = Debug;
		};
		48461C342D19A1BB00675CED /* Build configuration list for PBXNativeTarget "Socketing" */ = {
			isa = XCConfigurationList;
			buildConfigurations = (
				48461C352D19A1BB00675CED /* Debug */,
				48461C362D19A1BB00675CED /* Release */,
			);
			defaultConfigurationIsVisible = 0;
			defaultConfigurationName = Debug;
		};
		48461C372D19A1BB00675CED /* Build configuration list for PBXNativeTarget "SocketingTests" */ = {
			isa = XCConfigurationList;
			buildConfigurations = (
				48461C382D19A1BB00675CED /* Debug */,
				48461C392D19A1BB00675CED /* Release */,
			);
			defaultConfigurationIsVisible = 0;
			defaultConfigurationName = Debug;
		};
		48461C3A2D19A1BB00675CED /* Build configuration list for PBXNativeTarget "SocketingUITests" */ = {
			isa = XCConfigurationList;
			buildConfigurations = (
				48461C3B2D19A1BB00675CED /* Debug */,
				48461C3C2D19A1BB00675CED /* Release */,
			);
			defaultConfigurationIsVisible = 0;
			defaultConfigurationName = Debug;
		};
/* End XCConfigurationList section */

/* Begin XCRemoteSwiftPackageReference section */
		4864767E2D53495A00B29CA1 /* XCRemoteSwiftPackageReference "SnapKit" */ = {
			isa = XCRemoteSwiftPackageReference;
			repositoryURL = "https://github.com/SnapKit/SnapKit.git";
			requirement = {
				kind = upToNextMajorVersion;
				minimumVersion = 5.7.1;
			};
		};
		486476882D53497B00B29CA1 /* XCRemoteSwiftPackageReference "socket.io-client-swift" */ = {
			isa = XCRemoteSwiftPackageReference;
			repositoryURL = "https://github.com/socketio/socket.io-client-swift.git";
			requirement = {
				branch = master;
				kind = branch;
			};
		};
		4864768B2D534CC300B29CA1 /* XCRemoteSwiftPackageReference "RxSwift" */ = {
			isa = XCRemoteSwiftPackageReference;
			repositoryURL = "https://github.com/ReactiveX/RxSwift";
			requirement = {
				kind = upToNextMajorVersion;
				minimumVersion = 6.8.0;
			};
		};
		48950A5B2D537B7A004A099B /* XCRemoteSwiftPackageReference "Toast-Swift" */ = {
			isa = XCRemoteSwiftPackageReference;
			repositoryURL = "https://github.com/scalessec/Toast-Swift";
			requirement = {
				kind = upToNextMajorVersion;
				minimumVersion = 5.1.1;
			};
		};
/* End XCRemoteSwiftPackageReference section */

/* Begin XCSwiftPackageProductDependency section */
		4864767F2D53495A00B29CA1 /* SnapKit */ = {
			isa = XCSwiftPackageProductDependency;
			package = 4864767E2D53495A00B29CA1 /* XCRemoteSwiftPackageReference "SnapKit" */;
			productName = SnapKit;
		};
		486476892D53497B00B29CA1 /* SocketIO */ = {
			isa = XCSwiftPackageProductDependency;
			package = 486476882D53497B00B29CA1 /* XCRemoteSwiftPackageReference "socket.io-client-swift" */;
			productName = SocketIO;
		};
		4864768C2D534CC300B29CA1 /* RxCocoa */ = {
			isa = XCSwiftPackageProductDependency;
			package = 4864768B2D534CC300B29CA1 /* XCRemoteSwiftPackageReference "RxSwift" */;
			productName = RxCocoa;
		};
		4864768E2D534CC300B29CA1 /* RxRelay */ = {
			isa = XCSwiftPackageProductDependency;
			package = 4864768B2D534CC300B29CA1 /* XCRemoteSwiftPackageReference "RxSwift" */;
			productName = RxRelay;
		};
		486476902D534CC300B29CA1 /* RxSwift */ = {
			isa = XCSwiftPackageProductDependency;
			package = 4864768B2D534CC300B29CA1 /* XCRemoteSwiftPackageReference "RxSwift" */;
			productName = RxSwift;
		};
		48950A5C2D537B7A004A099B /* Toast */ = {
			isa = XCSwiftPackageProductDependency;
			package = 48950A5B2D537B7A004A099B /* XCRemoteSwiftPackageReference "Toast-Swift" */;
			productName = Toast;
		};
/* End XCSwiftPackageProductDependency section */
	};
	rootObject = 48461C022D19A1BA00675CED /* Project object */;
}
